
Microsoft Visual Studio Solution File, Format Version 12.00
# Visual Studio Version 16
VisualStudioVersion = 16.0.31005.135
MinimumVisualStudioVersion = 10.0.40219.1
Project("{FAE04EC0-301F-11D3-BF4B-00C04F79EFBC}") = "tic-tac-toe", "tic-tac-toe\tic-tac-toe.csproj", "{6E155C74-635D-4387-B36C-6FA972B949F3}"
EndProject
Global
	GlobalSection(SolutionConfigurationPlatforms) = preSolution
		Debug|Any CPU = Debug|Any CPU
		Release|Any CPU = Release|Any CPU
	EndGlobalSection
	GlobalSection(ProjectConfigurationPlatforms) = postSolution
		{6E155C74-635D-4387-B36C-6FA972B949F3}.Debug|Any CPU.ActiveCfg = Debug|Any CPU
		{6E155C74-635D-4387-B36C-6FA972B949F3}.Debug|Any CPU.Build.0 = Debug|Any CPU
		{6E155C74-635D-4387-B36C-6FA972B949F3}.Release|Any CPU.ActiveCfg = Release|Any CPU
		{6E155C74-635D-4387-B36C-6FA972B949F3}.Release|Any CPU.Build.0 = Release|Any CPU
	EndGlobalSection
	GlobalSection(SolutionProperties) = preSolution
		HideSolutionNode = FALSE
	EndGlobalSection
	GlobalSection(ExtensibilityGlobals) = postSolution
		SolutionGuid = {1BF5E21E-805A-4754-AA1C-C432FB5BFDB8}
	EndGlobalSection
EndGlobal
